// !$*UTF8*$!
{
	archiveVersion = 1;
	classes = {
	};
	objectVersion = 50;
	objects = {

/* Begin PBXBuildFile section */
		505AABBE2439CD3200FEBA4C /* AppDelegate.swift in Sources */ = {isa = PBXBuildFile; fileRef = 505AABBD2439CD3200FEBA4C /* AppDelegate.swift */; };
		505AABC02439CD3300FEBA4C /* Assets.xcassets in Resources */ = {isa = PBXBuildFile; fileRef = 505AABBF2439CD3300FEBA4C /* Assets.xcassets */; };
		505AABC32439CD3300FEBA4C /* MainMenu.xib in Resources */ = {isa = PBXBuildFile; fileRef = 505AABC12439CD3300FEBA4C /* MainMenu.xib */; };
		505AABCE2439CFCC00FEBA4C /* PopoverViewController.swift in Sources */ = {isa = PBXBuildFile; fileRef = 505AABCC2439CFCC00FEBA4C /* PopoverViewController.swift */; };
		505AABCF2439CFCC00FEBA4C /* PopoverViewController.xib in Resources */ = {isa = PBXBuildFile; fileRef = 505AABCD2439CFCC00FEBA4C /* PopoverViewController.xib */; };
		505AABD12439D01700FEBA4C /* EventMonitor.swift in Sources */ = {isa = PBXBuildFile; fileRef = 505AABD02439D01700FEBA4C /* EventMonitor.swift */; };
/* End PBXBuildFile section */

/* Begin PBXFileReference section */
		505AABBA2439CD3200FEBA4C /* focusmusic.fm.app */ = {isa = PBXFileReference; explicitFileType = wrapper.application; includeInIndex = 0; path = focusmusic.fm.app; sourceTree = BUILT_PRODUCTS_DIR; };
		505AABBD2439CD3200FEBA4C /* AppDelegate.swift */ = {isa = PBXFileReference; lastKnownFileType = sourcecode.swift; path = AppDelegate.swift; sourceTree = "<group>"; };
		505AABBF2439CD3300FEBA4C /* Assets.xcassets */ = {isa = PBXFileReference; lastKnownFileType = folder.assetcatalog; path = Assets.xcassets; sourceTree = "<group>"; };
		505AABC22439CD3300FEBA4C /* Base */ = {isa = PBXFileReference; lastKnownFileType = file.xib; name = Base; path = Base.lproj/MainMenu.xib; sourceTree = "<group>"; };
		505AABC42439CD3300FEBA4C /* Info.plist */ = {isa = PBXFileReference; lastKnownFileType = text.plist.xml; path = Info.plist; sourceTree = "<group>"; };
		505AABC52439CD3300FEBA4C /* focusmusic_fm.entitlements */ = {isa = PBXFileReference; lastKnownFileType = text.plist.entitlements; path = focusmusic_fm.entitlements; sourceTree = "<group>"; };
		505AABCC2439CFCC00FEBA4C /* PopoverViewController.swift */ = {isa = PBXFileReference; lastKnownFileType = sourcecode.swift; path = PopoverViewController.swift; sourceTree = "<group>"; };
		505AABCD2439CFCC00FEBA4C /* PopoverViewController.xib */ = {isa = PBXFileReference; lastKnownFileType = file.xib; path = PopoverViewController.xib; sourceTree = "<group>"; };
		505AABD02439D01700FEBA4C /* EventMonitor.swift */ = {isa = PBXFileReference; lastKnownFileType = sourcecode.swift; path = EventMonitor.swift; sourceTree = "<group>"; };
/* End PBXFileReference section */

/* Begin PBXFrameworksBuildPhase section */
		505AABB72439CD3200FEBA4C /* Frameworks */ = {
			isa = PBXFrameworksBuildPhase;
			buildActionMask = 2147483647;
			files = (
			);
			runOnlyForDeploymentPostprocessing = 0;
		};
/* End PBXFrameworksBuildPhase section */

/* Begin PBXGroup section */
		505AABB12439CD3200FEBA4C = {
			isa = PBXGroup;
			children = (
				505AABBC2439CD3200FEBA4C /* focusmusic.fm */,
				505AABBB2439CD3200FEBA4C /* Products */,
			);
			sourceTree = "<group>";
		};
		505AABBB2439CD3200FEBA4C /* Products */ = {
			isa = PBXGroup;
			children = (
				505AABBA2439CD3200FEBA4C /* focusmusic.fm.app */,
			);
			name = Products;
			sourceTree = "<group>";
		};
		505AABBC2439CD3200FEBA4C /* focusmusic.fm */ = {
			isa = PBXGroup;
			children = (
				505AABBD2439CD3200FEBA4C /* AppDelegate.swift */,
				505AABCB2439CFB700FEBA4C /* Popover */,
				505AABBF2439CD3300FEBA4C /* Assets.xcassets */,
				505AABC12439CD3300FEBA4C /* MainMenu.xib */,
				505AABC42439CD3300FEBA4C /* Info.plist */,
				505AABC52439CD3300FEBA4C /* focusmusic_fm.entitlements */,
				505AABD02439D01700FEBA4C /* EventMonitor.swift */,
			);
			path = focusmusic.fm;
			sourceTree = "<group>";
		};
		505AABCB2439CFB700FEBA4C /* Popover */ = {
			isa = PBXGroup;
			children = (
				505AABCD2439CFCC00FEBA4C /* PopoverViewController.xib */,
				505AABCC2439CFCC00FEBA4C /* PopoverViewController.swift */,
			);
			path = Popover;
			sourceTree = "<group>";
		};
/* End PBXGroup section */

/* Begin PBXNativeTarget section */
		505AABB92439CD3200FEBA4C /* focusmusic.fm */ = {
			isa = PBXNativeTarget;
			buildConfigurationList = 505AABC82439CD3300FEBA4C /* Build configuration list for PBXNativeTarget "focusmusic.fm" */;
			buildPhases = (
				505AABB62439CD3200FEBA4C /* Sources */,
				505AABB72439CD3200FEBA4C /* Frameworks */,
				505AABB82439CD3200FEBA4C /* Resources */,
			);
			buildRules = (
			);
			dependencies = (
			);
			name = focusmusic.fm;
			productName = focusmusic.fm;
			productReference = 505AABBA2439CD3200FEBA4C /* focusmusic.fm.app */;
			productType = "com.apple.product-type.application";
		};
/* End PBXNativeTarget section */

/* Begin PBXProject section */
		505AABB22439CD3200FEBA4C /* Project object */ = {
			isa = PBXProject;
			attributes = {
				LastSwiftUpdateCheck = 1140;
				LastUpgradeCheck = 1140;
				ORGANIZATIONNAME = "DEVLAB Studio, LLC";
				TargetAttributes = {
					505AABB92439CD3200FEBA4C = {
						CreatedOnToolsVersion = 11.4;
					};
				};
			};
			buildConfigurationList = 505AABB52439CD3200FEBA4C /* Build configuration list for PBXProject "focusmusic.fm" */;
			compatibilityVersion = "Xcode 9.3";
			developmentRegion = en;
			hasScannedForEncodings = 0;
			knownRegions = (
				en,
				Base,
			);
			mainGroup = 505AABB12439CD3200FEBA4C;
			productRefGroup = 505AABBB2439CD3200FEBA4C /* Products */;
			projectDirPath = "";
			projectRoot = "";
			targets = (
				505AABB92439CD3200FEBA4C /* focusmusic.fm */,
			);
		};
/* End PBXProject section */

/* Begin PBXResourcesBuildPhase section */
		505AABB82439CD3200FEBA4C /* Resources */ = {
			isa = PBXResourcesBuildPhase;
			buildActionMask = 2147483647;
			files = (
				505AABC02439CD3300FEBA4C /* Assets.xcassets in Resources */,
				505AABC32439CD3300FEBA4C /* MainMenu.xib in Resources */,
				505AABCF2439CFCC00FEBA4C /* PopoverViewController.xib in Resources */,
			);
			runOnlyForDeploymentPostprocessing = 0;
		};
/* End PBXResourcesBuildPhase section */

/* Begin PBXSourcesBuildPhase section */
		505AABB62439CD3200FEBA4C /* Sources */ = {
			isa = PBXSourcesBuildPhase;
			buildActionMask = 2147483647;
			files = (
				505AABD12439D01700FEBA4C /* EventMonitor.swift in Sources */,
				505AABCE2439CFCC00FEBA4C /* PopoverViewController.swift in Sources */,
				505AABBE2439CD3200FEBA4C /* AppDelegate.swift in Sources */,
			);
			runOnlyForDeploymentPostprocessing = 0;
		};
/* End PBXSourcesBuildPhase section */

/* Begin PBXVariantGroup section */
		505AABC12439CD3300FEBA4C /* MainMenu.xib */ = {
			isa = PBXVariantGroup;
			children = (
				505AABC22439CD3300FEBA4C /* Base */,
			);
			name = MainMenu.xib;
			sourceTree = "<group>";
		};
/* End PBXVariantGroup section */

/* Begin XCBuildConfiguration section */
		505AABC62439CD3300FEBA4C /* Debug */ = {
			isa = XCBuildConfiguration;
			buildSettings = {
				ALWAYS_SEARCH_USER_PATHS = NO;
				CLANG_ANALYZER_NONNULL = YES;
				CLANG_ANALYZER_NUMBER_OBJECT_CONVERSION = YES_AGGRESSIVE;
				CLANG_CXX_LANGUAGE_STANDARD = "gnu++14";
				CLANG_CXX_LIBRARY = "libc++";
				CLANG_ENABLE_MODULES = YES;
				CLANG_ENABLE_OBJC_ARC = YES;
				CLANG_ENABLE_OBJC_WEAK = YES;
				CLANG_WARN_BLOCK_CAPTURE_AUTORELEASING = YES;
				CLANG_WARN_BOOL_CONVERSION = YES;
				CLANG_WARN_COMMA = YES;
				CLANG_WARN_CONSTANT_CONVERSION = YES;
				CLANG_WARN_DEPRECATED_OBJC_IMPLEMENTATIONS = YES;
				CLANG_WARN_DIRECT_OBJC_ISA_USAGE = YES_ERROR;
				CLANG_WARN_DOCUMENTATION_COMMENTS = YES;
				CLANG_WARN_EMPTY_BODY = YES;
				CLANG_WARN_ENUM_CONVERSION = YES;
				CLANG_WARN_INFINITE_RECURSION = YES;
				CLANG_WARN_INT_CONVERSION = YES;
				CLANG_WARN_NON_LITERAL_NULL_CONVERSION = YES;
				CLANG_WARN_OBJC_IMPLICIT_RETAIN_SELF = YES;
				CLANG_WARN_OBJC_LITERAL_CONVERSION = YES;
				CLANG_WARN_OBJC_ROOT_CLASS = YES_ERROR;
				CLANG_WARN_RANGE_LOOP_ANALYSIS = YES;
				CLANG_WARN_STRICT_PROTOTYPES = YES;
				CLANG_WARN_SUSPICIOUS_MOVE = YES;
				CLANG_WARN_UNGUARDED_AVAILABILITY = YES_AGGRESSIVE;
				CLANG_WARN_UNREACHABLE_CODE = YES;
				CLANG_WARN__DUPLICATE_METHOD_MATCH = YES;
				COPY_PHASE_STRIP = NO;
				DEBUG_INFORMATION_FORMAT = dwarf;
				ENABLE_STRICT_OBJC_MSGSEND = YES;
				ENABLE_TESTABILITY = YES;
				GCC_C_LANGUAGE_STANDARD = gnu11;
				GCC_DYNAMIC_NO_PIC = NO;
				GCC_NO_COMMON_BLOCKS = YES;
				GCC_OPTIMIZATION_LEVEL = 0;
				GCC_PREPROCESSOR_DEFINITIONS = (
					"DEBUG=1",
					"$(inherited)",
				);
				GCC_WARN_64_TO_32_BIT_CONVERSION = YES;
				GCC_WARN_ABOUT_RETURN_TYPE = YES_ERROR;
				GCC_WARN_UNDECLARED_SELECTOR = YES;
				GCC_WARN_UNINITIALIZED_AUTOS = YES_AGGRESSIVE;
				GCC_WARN_UNUSED_FUNCTION = YES;
				GCC_WARN_UNUSED_VARIABLE = YES;
				MACOSX_DEPLOYMENT_TARGET = 10.15;
				MTL_ENABLE_DEBUG_INFO = INCLUDE_SOURCE;
				MTL_FAST_MATH = YES;
				ONLY_ACTIVE_ARCH = YES;
				SDKROOT = macosx;
				SWIFT_ACTIVE_COMPILATION_CONDITIONS = DEBUG;
				SWIFT_OPTIMIZATION_LEVEL = "-Onone";
			};
			name = Debug;
		};
		505AABC72439CD3300FEBA4C /* Release */ = {
			isa = XCBuildConfiguration;
			buildSettings = {
				ALWAYS_SEARCH_USER_PATHS = NO;
				CLANG_ANALYZER_NONNULL = YES;
				CLANG_ANALYZER_NUMBER_OBJECT_CONVERSION = YES_AGGRESSIVE;
				CLANG_CXX_LANGUAGE_STANDARD = "gnu++14";
				CLANG_CXX_LIBRARY = "libc++";
				CLANG_ENABLE_MODULES = YES;
				CLANG_ENABLE_OBJC_ARC = YES;
				CLANG_ENABLE_OBJC_WEAK = YES;
				CLANG_WARN_BLOCK_CAPTURE_AUTORELEASING = YES;
				CLANG_WARN_BOOL_CONVERSION = YES;
				CLANG_WARN_COMMA = YES;
				CLANG_WARN_CONSTANT_CONVERSION = YES;
				CLANG_WARN_DEPRECATED_OBJC_IMPLEMENTATIONS = YES;
				CLANG_WARN_DIRECT_OBJC_ISA_USAGE = YES_ERROR;
				CLANG_WARN_DOCUMENTATION_COMMENTS = YES;
				CLANG_WARN_EMPTY_BODY = YES;
				CLANG_WARN_ENUM_CONVERSION = YES;
				CLANG_WARN_INFINITE_RECURSION = YES;
				CLANG_WARN_INT_CONVERSION = YES;
				CLANG_WARN_NON_LITERAL_NULL_CONVERSION = YES;
				CLANG_WARN_OBJC_IMPLICIT_RETAIN_SELF = YES;
				CLANG_WARN_OBJC_LITERAL_CONVERSION = YES;
				CLANG_WARN_OBJC_ROOT_CLASS = YES_ERROR;
				CLANG_WARN_RANGE_LOOP_ANALYSIS = YES;
				CLANG_WARN_STRICT_PROTOTYPES = YES;
				CLANG_WARN_SUSPICIOUS_MOVE = YES;
				CLANG_WARN_UNGUARDED_AVAILABILITY = YES_AGGRESSIVE;
				CLANG_WARN_UNREACHABLE_CODE = YES;
				CLANG_WARN__DUPLICATE_METHOD_MATCH = YES;
				COPY_PHASE_STRIP = NO;
				DEBUG_INFORMATION_FORMAT = "dwarf-with-dsym";
				ENABLE_NS_ASSERTIONS = NO;
				ENABLE_STRICT_OBJC_MSGSEND = YES;
				GCC_C_LANGUAGE_STANDARD = gnu11;
				GCC_NO_COMMON_BLOCKS = YES;
				GCC_WARN_64_TO_32_BIT_CONVERSION = YES;
				GCC_WARN_ABOUT_RETURN_TYPE = YES_ERROR;
				GCC_WARN_UNDECLARED_SELECTOR = YES;
				GCC_WARN_UNINITIALIZED_AUTOS = YES_AGGRESSIVE;
				GCC_WARN_UNUSED_FUNCTION = YES;
				GCC_WARN_UNUSED_VARIABLE = YES;
				MACOSX_DEPLOYMENT_TARGET = 10.15;
				MTL_ENABLE_DEBUG_INFO = NO;
				MTL_FAST_MATH = YES;
				SDKROOT = macosx;
				SWIFT_COMPILATION_MODE = wholemodule;
				SWIFT_OPTIMIZATION_LEVEL = "-O";
			};
			name = Release;
		};
		505AABC92439CD3300FEBA4C /* Debug */ = {
			isa = XCBuildConfiguration;
			buildSettings = {
				ASSETCATALOG_COMPILER_APPICON_NAME = AppIcon;
				CODE_SIGN_ENTITLEMENTS = focusmusic.fm/focusmusic_fm.entitlements;
				CODE_SIGN_STYLE = Automatic;
				COMBINE_HIDPI_IMAGES = YES;
				INFOPLIST_FILE = focusmusic.fm/Info.plist;
				LD_RUNPATH_SEARCH_PATHS = (
					"$(inherited)",
					"@executable_path/../Frameworks",
				);
				PRODUCT_BUNDLE_IDENTIFIER = "studio.devlab.focusmusic-fm";
				PRODUCT_NAME = "$(TARGET_NAME)";
				SWIFT_VERSION = 5.0;
			};
			name = Debug;
		};
		505AABCA2439CD3300FEBA4C /* Release */ = {
			isa = XCBuildConfiguration;
			buildSettings = {
				ASSETCATALOG_COMPILER_APPICON_NAME = AppIcon;
				CODE_SIGN_ENTITLEMENTS = focusmusic.fm/focusmusic_fm.entitlements;
				CODE_SIGN_STYLE = Automatic;
				COMBINE_HIDPI_IMAGES = YES;
				INFOPLIST_FILE = focusmusic.fm/Info.plist;
				LD_RUNPATH_SEARCH_PATHS = (
					"$(inherited)",
					"@executable_path/../Frameworks",
				);
				PRODUCT_BUNDLE_IDENTIFIER = "studio.devlab.focusmusic-fm";
				PRODUCT_NAME = "$(TARGET_NAME)";
				SWIFT_VERSION = 5.0;
			};
			name = Release;
		};
/* End XCBuildConfiguration section */

/* Begin XCConfigurationList section */
		505AABB52439CD3200FEBA4C /* Build configuration list for PBXProject "focusmusic.fm" */ = {
			isa = XCConfigurationList;
			buildConfigurations = (
				505AABC62439CD3300FEBA4C /* Debug */,
				505AABC72439CD3300FEBA4C /* Release */,
			);
			defaultConfigurationIsVisible = 0;
			defaultConfigurationName = Release;
		};
		505AABC82439CD3300FEBA4C /* Build configuration list for PBXNativeTarget "focusmusic.fm" */ = {
			isa = XCConfigurationList;
			buildConfigurations = (
				505AABC92439CD3300FEBA4C /* Debug */,
				505AABCA2439CD3300FEBA4C /* Release */,
			);
			defaultConfigurationIsVisible = 0;
			defaultConfigurationName = Release;
		};
/* End XCConfigurationList section */
	};
	rootObject = 505AABB22439CD3200FEBA4C /* Project object */;
}
